
Microsoft Visual Studio Solution File, Format Version 12.00
# Visual Studio 2013
VisualStudioVersion = 12.0.31101.0
MinimumVisualStudioVersion = 10.0.40219.1
Project("{FAE04EC0-301F-11D3-BF4B-00C04F79EFBC}") = "SharpTracker.Api", "SharpTracker.Api\SharpTracker.Api.csproj", "{A569BDC6-9282-422C-A18D-B65171348192}"
EndProject
Project("{FAE04EC0-301F-11D3-BF4B-00C04F79EFBC}") = "SharpTracker.Entities", "SharpTracker.Entities\SharpTracker.Entities.csproj", "{31E41911-93E8-4DCA-AA97-F588FD14C401}"
EndProject
Project("{FAE04EC0-301F-11D3-BF4B-00C04F79EFBC}") = "SharpTracker.Repositories", "SharpTracker.Repositories\SharpTracker.Repositories.csproj", "{730A0C4D-4051-4B82-A4F1-1C0AB2346DD0}"
EndProject
Project("{FAE04EC0-301F-11D3-BF4B-00C04F79EFBC}") = "SharpTracker.Core", "SharpTracker.Core\SharpTracker.Core.csproj", "{576A3499-6869-4DBF-9C3B-998BF9539F79}"
EndProject
Project("{FAE04EC0-301F-11D3-BF4B-00C04F79EFBC}") = "SharpTracker.Migrations", "SharpTracker.Migrations\SharpTracker.Migrations.csproj", "{63E5F2BB-B0E4-4DD7-BF20-579EAD9F2D0C}"
EndProject
Project("{FAE04EC0-301F-11D3-BF4B-00C04F79EFBC}") = "SharpTracker.Api.Test", "SharpTracker.Api.Test\SharpTracker.Api.Test.csproj", "{71B8FB22-EEBF-4F21-BDBB-CC36C9639D25}"
EndProject
Global
	GlobalSection(SolutionConfigurationPlatforms) = preSolution
		Debug|Any CPU = Debug|Any CPU
		Release|Any CPU = Release|Any CPU
	EndGlobalSection
	GlobalSection(ProjectConfigurationPlatforms) = postSolution
		{A569BDC6-9282-422C-A18D-B65171348192}.Debug|Any CPU.ActiveCfg = Debug|Any CPU
		{A569BDC6-9282-422C-A18D-B65171348192}.Debug|Any CPU.Build.0 = Debug|Any CPU
		{A569BDC6-9282-422C-A18D-B65171348192}.Release|Any CPU.ActiveCfg = Release|Any CPU
		{A569BDC6-9282-422C-A18D-B65171348192}.Release|Any CPU.Build.0 = Release|Any CPU
		{31E41911-93E8-4DCA-AA97-F588FD14C401}.Debug|Any CPU.ActiveCfg = Debug|Any CPU
		{31E41911-93E8-4DCA-AA97-F588FD14C401}.Debug|Any CPU.Build.0 = Debug|Any CPU
		{31E41911-93E8-4DCA-AA97-F588FD14C401}.Release|Any CPU.ActiveCfg = Release|Any CPU
		{31E41911-93E8-4DCA-AA97-F588FD14C401}.Release|Any CPU.Build.0 = Release|Any CPU
		{730A0C4D-4051-4B82-A4F1-1C0AB2346DD0}.Debug|Any CPU.ActiveCfg = Debug|Any CPU
		{730A0C4D-4051-4B82-A4F1-1C0AB2346DD0}.Debug|Any CPU.Build.0 = Debug|Any CPU
		{730A0C4D-4051-4B82-A4F1-1C0AB2346DD0}.Release|Any CPU.ActiveCfg = Release|Any CPU
		{730A0C4D-4051-4B82-A4F1-1C0AB2346DD0}.Release|Any CPU.Build.0 = Release|Any CPU
		{576A3499-6869-4DBF-9C3B-998BF9539F79}.Debug|Any CPU.ActiveCfg = Debug|Any CPU
		{576A3499-6869-4DBF-9C3B-998BF9539F79}.Debug|Any CPU.Build.0 = Debug|Any CPU
		{576A3499-6869-4DBF-9C3B-998BF9539F79}.Release|Any CPU.ActiveCfg = Release|Any CPU
		{576A3499-6869-4DBF-9C3B-998BF9539F79}.Release|Any CPU.Build.0 = Release|Any CPU
		{63E5F2BB-B0E4-4DD7-BF20-579EAD9F2D0C}.Debug|Any CPU.ActiveCfg = Debug|Any CPU
		{63E5F2BB-B0E4-4DD7-BF20-579EAD9F2D0C}.Debug|Any CPU.Build.0 = Debug|Any CPU
		{63E5F2BB-B0E4-4DD7-BF20-579EAD9F2D0C}.Release|Any CPU.ActiveCfg = Release|Any CPU
		{63E5F2BB-B0E4-4DD7-BF20-579EAD9F2D0C}.Release|Any CPU.Build.0 = Release|Any CPU
		{71B8FB22-EEBF-4F21-BDBB-CC36C9639D25}.Debug|Any CPU.ActiveCfg = Debug|Any CPU
		{71B8FB22-EEBF-4F21-BDBB-CC36C9639D25}.Debug|Any CPU.Build.0 = Debug|Any CPU
		{71B8FB22-EEBF-4F21-BDBB-CC36C9639D25}.Release|Any CPU.ActiveCfg = Release|Any CPU
		{71B8FB22-EEBF-4F21-BDBB-CC36C9639D25}.Release|Any CPU.Build.0 = Release|Any CPU
	EndGlobalSection
	GlobalSection(SolutionProperties) = preSolution
		HideSolutionNode = FALSE
	EndGlobalSection
EndGlobal
